PODS:
  - Apollo (0.36.0):
    - Apollo/Core (= 0.36.0)
  - Apollo/Core (0.36.0)
  - HealthCareLocatorSDK (1.0.0):
    - Apollo (= 0.36.0)
    - RxCocoa (= 5.1.1)
    - RxSwift (= 5.1.1)
    - RxSwiftExt (= 5.2.0)
  - RxCocoa (5.1.1):
    - RxRelay (~> 5)
    - RxSwift (~> 5)
  - RxRelay (5.1.1):
    - RxSwift (~> 5)
  - RxSwift (5.1.1)
  - RxSwiftExt (5.2.0):
    - RxSwiftExt/Core (= 5.2.0)
    - RxSwiftExt/RxCocoa (= 5.2.0)
  - RxSwiftExt/Core (5.2.0):
    - RxSwift (~> 5.0)
  - RxSwiftExt/RxCocoa (5.2.0):
    - RxCocoa (~> 5.0)
    - RxSwiftExt/Core
  - SwipeableTabBarController (3.4.1)
  - UberCore (0.13.0)
  - UberRides (0.13.0):
    - UberCore

DEPENDENCIES:
  - HealthCareLocatorSDK
  - SwipeableTabBarController
  - UberRides (~> 0.9)

SPEC REPOS:
  trunk:
    - Apollo
    - HealthCareLocatorSDK
    - RxCocoa
    - RxRelay
    - RxSwift
    - RxSwiftExt
    - SwipeableTabBarController
    - UberCore
    - UberRides

SPEC CHECKSUMS:
  Apollo: a8dbf1a55e8860bfbe3e4274919721d102c85413
  HealthCareLocatorSDK: 67fb5347a0774fa9cf9b47b25ffacf7822a1e93d
  RxCocoa: 32065309a38d29b5b0db858819b5bf9ef038b601
  RxRelay: d77f7d771495f43c556cbc43eebd1bb54d01e8e9
  RxSwift: 81470a2074fa8780320ea5fe4102807cb7118178
  RxSwiftExt: 4ca80336f43c28f11a2825cdd2fc61dd6c044697
  SwipeableTabBarController: 3f0cb293ce45bf02bed80190319bcbcb16708e0b
  UberCore: 27cd75eff06f70c57897fa3dcec1eb015a8c24ad
  UberRides: 6344d67ed1547b6b66c88f5c15dd659d9028217d

PODFILE CHECKSUM: 0f88e6945a8448be538e631fbc73c89471adab2a

COCOAPODS: 1.10.1
